# THIS IS AN AUTOGENERATED FILE. DO NOT EDIT THIS FILE DIRECTLY.
# yarn lockfile v1


gitbook-plugin-edit-link@^2.0.2:
  version "2.0.2"
  resolved "https://registry.yarnpkg.com/gitbook-plugin-edit-link/-/gitbook-plugin-edit-link-2.0.2.tgz#d8fcd927eced81e7a662a72d59db609eafd7e72f"

gitbook-plugin-github@^3.0.0:
  version "3.0.0"
  resolved "https://registry.yarnpkg.com/gitbook-plugin-github/-/gitbook-plugin-github-3.0.0.tgz#67457df98a57ea8ef9b2518b88340db370a5317b"

gitbook-plugin-theme-vuejs@pearofducks/gitbook-plugin-theme-vuejs:
  version "0.0.2"
  resolved "https://codeload.github.com/pearofducks/gitbook-plugin-theme-vuejs/tar.gz/61c9bb8b168814c32331e63b3b9f1dd9266d8452"
